
Microsoft Visual Studio Solution File, Format Version 12.00
# Visual Studio Version 17
VisualStudioVersion = 17.6.33829.357
MinimumVisualStudioVersion = 10.0.40219.1
Project("{FAE04EC0-301F-11D3-BF4B-00C04F79EFBC}") = "AutoTyper", "AutoTyper.csproj", "{EFE0690A-7175-4759-B7A8-4AD2CFB00203}"
EndProject
Global
	GlobalSection(SolutionConfigurationPlatforms) = preSolution
		Debug|Any CPU = Debug|Any CPU
		Release|Any CPU = Release|Any CPU
	EndGlobalSection
	GlobalSection(ProjectConfigurationPlatforms) = postSolution
		{EFE0690A-7175-4759-B7A8-4AD2CFB00203}.Debug|Any CPU.ActiveCfg = Debug|Any CPU
		{EFE0690A-7175-4759-B7A8-4AD2CFB00203}.Debug|Any CPU.Build.0 = Debug|Any CPU
		{EFE0690A-7175-4759-B7A8-4AD2CFB00203}.Release|Any CPU.ActiveCfg = Release|Any CPU
		{EFE0690A-7175-4759-B7A8-4AD2CFB00203}.Release|Any CPU.Build.0 = Release|Any CPU
	EndGlobalSection
	GlobalSection(SolutionProperties) = preSolution
		HideSolutionNode = FALSE
	EndGlobalSection
	GlobalSection(ExtensibilityGlobals) = postSolution
		SolutionGuid = {E2A1D6B5-5F9E-4F17-B80D-91AF1A2FF550}
	EndGlobalSection
EndGlobal
